Microsoft Visual Studio Solution File, Format Version 12.00
# Visual Studio 15
VisualStudioVersion = 15.0.26228.4
MinimumVisualStudioVersion = 10.0.40219.1
Project("{13B669BE-BB05-4DDF-9536-439F39A36129}") = "synthapp", "synthapp\synthapp.csproj", "{3DD4E940-3BE2-4A8C-825F-82529459B166}"
EndProject
Project("{13B669BE-BB05-4DDF-9536-439F39A36129}") = "veldrid", "..\ext\veldrid\src\veldrid\veldrid.csproj", "{912BBEEE-4173-44D7-8951-86DB4FF1DA9F}"
EndProject
Project("{9A19103F-16F7-4668-BE54-9A1E7A4F7556}") = "ImGui.NET", "..\ext\imgui.net\src\ImGui.NET\ImGui.NET.csproj", "{DA278FEF-F97B-4FBE-8C45-F6BC0C524086}"
EndProject
Project("{2150E333-8FDC-42A3-9474-1A3956D46DE8}") = "ext", "ext", "{D26DE675-92C3-49FB-8623-79A4DFA71F71}"
EndProject
Project("{9A19103F-16F7-4668-BE54-9A1E7A4F7556}") = "synthapp.tests", "synthapp.tests\synthapp.tests.csproj", "{6BDFB593-1CC9-4E3A-98BC-3BC6FF12E8A3}"
EndProject
Global
	GlobalSection(SolutionConfigurationPlatforms) = preSolution
		Debug|Any CPU = Debug|Any CPU
		Debug|x64 = Debug|x64
		Debug|x86 = Debug|x86
		Release|Any CPU = Release|Any CPU
		Release|x64 = Release|x64
		Release|x86 = Release|x86
	EndGlobalSection
	GlobalSection(ProjectConfigurationPlatforms) = postSolution
		{3DD4E940-3BE2-4A8C-825F-82529459B166}.Debug|Any CPU.ActiveCfg = Debug|Any CPU
		{3DD4E940-3BE2-4A8C-825F-82529459B166}.Debug|Any CPU.Build.0 = Debug|Any CPU
		{3DD4E940-3BE2-4A8C-825F-82529459B166}.Debug|x64.ActiveCfg = Debug|Any CPU
		{3DD4E940-3BE2-4A8C-825F-82529459B166}.Debug|x64.Build.0 = Debug|Any CPU
		{3DD4E940-3BE2-4A8C-825F-82529459B166}.Debug|x86.ActiveCfg = Debug|Any CPU
		{3DD4E940-3BE2-4A8C-825F-82529459B166}.Debug|x86.Build.0 = Debug|Any CPU
		{3DD4E940-3BE2-4A8C-825F-82529459B166}.Release|Any CPU.ActiveCfg = Release|Any CPU
		{3DD4E940-3BE2-4A8C-825F-82529459B166}.Release|Any CPU.Build.0 = Release|Any CPU
		{3DD4E940-3BE2-4A8C-825F-82529459B166}.Release|x64.ActiveCfg = Release|Any CPU
		{3DD4E940-3BE2-4A8C-825F-82529459B166}.Release|x64.Build.0 = Release|Any CPU
		{3DD4E940-3BE2-4A8C-825F-82529459B166}.Release|x86.ActiveCfg = Release|Any CPU
		{3DD4E940-3BE2-4A8C-825F-82529459B166}.Release|x86.Build.0 = Release|Any CPU
		{912BBEEE-4173-44D7-8951-86DB4FF1DA9F}.Debug|Any CPU.ActiveCfg = Debug|Any CPU
		{912BBEEE-4173-44D7-8951-86DB4FF1DA9F}.Debug|Any CPU.Build.0 = Debug|Any CPU
		{912BBEEE-4173-44D7-8951-86DB4FF1DA9F}.Debug|x64.ActiveCfg = Debug|Any CPU
		{912BBEEE-4173-44D7-8951-86DB4FF1DA9F}.Debug|x64.Build.0 = Debug|Any CPU
		{912BBEEE-4173-44D7-8951-86DB4FF1DA9F}.Debug|x86.ActiveCfg = Debug|Any CPU
		{912BBEEE-4173-44D7-8951-86DB4FF1DA9F}.Debug|x86.Build.0 = Debug|Any CPU
		{912BBEEE-4173-44D7-8951-86DB4FF1DA9F}.Release|Any CPU.ActiveCfg = Release|Any CPU
		{912BBEEE-4173-44D7-8951-86DB4FF1DA9F}.Release|Any CPU.Build.0 = Release|Any CPU
		{912BBEEE-4173-44D7-8951-86DB4FF1DA9F}.Release|x64.ActiveCfg = Release|Any CPU
		{912BBEEE-4173-44D7-8951-86DB4FF1DA9F}.Release|x64.Build.0 = Release|Any CPU
		{912BBEEE-4173-44D7-8951-86DB4FF1DA9F}.Release|x86.ActiveCfg = Release|Any CPU
		{912BBEEE-4173-44D7-8951-86DB4FF1DA9F}.Release|x86.Build.0 = Release|Any CPU
		{DA278FEF-F97B-4FBE-8C45-F6BC0C524086}.Debug|Any CPU.ActiveCfg = Debug|Any CPU
		{DA278FEF-F97B-4FBE-8C45-F6BC0C524086}.Debug|Any CPU.Build.0 = Debug|Any CPU
		{DA278FEF-F97B-4FBE-8C45-F6BC0C524086}.Debug|x64.ActiveCfg = Debug|Any CPU
		{DA278FEF-F97B-4FBE-8C45-F6BC0C524086}.Debug|x64.Build.0 = Debug|Any CPU
		{DA278FEF-F97B-4FBE-8C45-F6BC0C524086}.Debug|x86.ActiveCfg = Debug|Any CPU
		{DA278FEF-F97B-4FBE-8C45-F6BC0C524086}.Debug|x86.Build.0 = Debug|Any CPU
		{DA278FEF-F97B-4FBE-8C45-F6BC0C524086}.Release|Any CPU.ActiveCfg = Release|Any CPU
		{DA278FEF-F97B-4FBE-8C45-F6BC0C524086}.Release|Any CPU.Build.0 = Release|Any CPU
		{DA278FEF-F97B-4FBE-8C45-F6BC0C524086}.Release|x64.ActiveCfg = Release|Any CPU
		{DA278FEF-F97B-4FBE-8C45-F6BC0C524086}.Release|x64.Build.0 = Release|Any CPU
		{DA278FEF-F97B-4FBE-8C45-F6BC0C524086}.Release|x86.ActiveCfg = Release|Any CPU
		{DA278FEF-F97B-4FBE-8C45-F6BC0C524086}.Release|x86.Build.0 = Release|Any CPU
		{6BDFB593-1CC9-4E3A-98BC-3BC6FF12E8A3}.Debug|Any CPU.ActiveCfg = Debug|Any CPU
		{6BDFB593-1CC9-4E3A-98BC-3BC6FF12E8A3}.Debug|Any CPU.Build.0 = Debug|Any CPU
		{6BDFB593-1CC9-4E3A-98BC-3BC6FF12E8A3}.Debug|x64.ActiveCfg = Debug|Any CPU
		{6BDFB593-1CC9-4E3A-98BC-3BC6FF12E8A3}.Debug|x64.Build.0 = Debug|Any CPU
		{6BDFB593-1CC9-4E3A-98BC-3BC6FF12E8A3}.Debug|x86.ActiveCfg = Debug|Any CPU
		{6BDFB593-1CC9-4E3A-98BC-3BC6FF12E8A3}.Debug|x86.Build.0 = Debug|Any CPU
		{6BDFB593-1CC9-4E3A-98BC-3BC6FF12E8A3}.Release|Any CPU.ActiveCfg = Release|Any CPU
		{6BDFB593-1CC9-4E3A-98BC-3BC6FF12E8A3}.Release|Any CPU.Build.0 = Release|Any CPU
		{6BDFB593-1CC9-4E3A-98BC-3BC6FF12E8A3}.Release|x64.ActiveCfg = Release|Any CPU
		{6BDFB593-1CC9-4E3A-98BC-3BC6FF12E8A3}.Release|x64.Build.0 = Release|Any CPU
		{6BDFB593-1CC9-4E3A-98BC-3BC6FF12E8A3}.Release|x86.ActiveCfg = Release|Any CPU
		{6BDFB593-1CC9-4E3A-98BC-3BC6FF12E8A3}.Release|x86.Build.0 = Release|Any CPU
	EndGlobalSection
	GlobalSection(SolutionProperties) = preSolution
		HideSolutionNode = FALSE
	EndGlobalSection
	GlobalSection(NestedProjects) = preSolution
		{912BBEEE-4173-44D7-8951-86DB4FF1DA9F} = {D26DE675-92C3-49FB-8623-79A4DFA71F71}
		{DA278FEF-F97B-4FBE-8C45-F6BC0C524086} = {D26DE675-92C3-49FB-8623-79A4DFA71F71}
	EndGlobalSection
EndGlobal
