Microsoft Visual Studio Solution File, Format Version 12.00
# Visual Studio 15
VisualStudioVersion = 15.0.27130.2010
MinimumVisualStudioVersion = 15.0.26124.0
Project("{9A19103F-16F7-4668-BE54-9A1E7A4F7556}") = "synthapp", "synthapp\synthapp.csproj", "{672179B3-D91C-49F2-9817-BB92B1D003FC}"
EndProject
Project("{9A19103F-16F7-4668-BE54-9A1E7A4F7556}") = "synthapp.tests", "synthapp.tests\synthapp.tests.csproj", "{394A6EC8-87FF-48A9-BE66-E662141E78FD}"
EndProject
Global
	GlobalSection(SolutionConfigurationPlatforms) = preSolution
		Debug|Any CPU = Debug|Any CPU
		Debug|x64 = Debug|x64
		Debug|x86 = Debug|x86
		Release|Any CPU = Release|Any CPU
		Release|x64 = Release|x64
		Release|x86 = Release|x86
	EndGlobalSection
	GlobalSection(ProjectConfigurationPlatforms) = postSolution
		{672179B3-D91C-49F2-9817-BB92B1D003FC}.Debug|Any CPU.ActiveCfg = Debug|Any CPU
		{672179B3-D91C-49F2-9817-BB92B1D003FC}.Debug|Any CPU.Build.0 = Debug|Any CPU
		{672179B3-D91C-49F2-9817-BB92B1D003FC}.Debug|x64.ActiveCfg = Debug|Any CPU
		{672179B3-D91C-49F2-9817-BB92B1D003FC}.Debug|x64.Build.0 = Debug|Any CPU
		{672179B3-D91C-49F2-9817-BB92B1D003FC}.Debug|x86.ActiveCfg = Debug|Any CPU
		{672179B3-D91C-49F2-9817-BB92B1D003FC}.Debug|x86.Build.0 = Debug|Any CPU
		{672179B3-D91C-49F2-9817-BB92B1D003FC}.Release|Any CPU.ActiveCfg = Release|Any CPU
		{672179B3-D91C-49F2-9817-BB92B1D003FC}.Release|Any CPU.Build.0 = Release|Any CPU
		{672179B3-D91C-49F2-9817-BB92B1D003FC}.Release|x64.ActiveCfg = Release|Any CPU
		{672179B3-D91C-49F2-9817-BB92B1D003FC}.Release|x64.Build.0 = Release|Any CPU
		{672179B3-D91C-49F2-9817-BB92B1D003FC}.Release|x86.ActiveCfg = Release|Any CPU
		{672179B3-D91C-49F2-9817-BB92B1D003FC}.Release|x86.Build.0 = Release|Any CPU
		{394A6EC8-87FF-48A9-BE66-E662141E78FD}.Debug|Any CPU.ActiveCfg = Debug|Any CPU
		{394A6EC8-87FF-48A9-BE66-E662141E78FD}.Debug|Any CPU.Build.0 = Debug|Any CPU
		{394A6EC8-87FF-48A9-BE66-E662141E78FD}.Debug|x64.ActiveCfg = Debug|Any CPU
		{394A6EC8-87FF-48A9-BE66-E662141E78FD}.Debug|x64.Build.0 = Debug|Any CPU
		{394A6EC8-87FF-48A9-BE66-E662141E78FD}.Debug|x86.ActiveCfg = Debug|Any CPU
		{394A6EC8-87FF-48A9-BE66-E662141E78FD}.Debug|x86.Build.0 = Debug|Any CPU
		{394A6EC8-87FF-48A9-BE66-E662141E78FD}.Release|Any CPU.ActiveCfg = Release|Any CPU
		{394A6EC8-87FF-48A9-BE66-E662141E78FD}.Release|Any CPU.Build.0 = Release|Any CPU
		{394A6EC8-87FF-48A9-BE66-E662141E78FD}.Release|x64.ActiveCfg = Release|Any CPU
		{394A6EC8-87FF-48A9-BE66-E662141E78FD}.Release|x64.Build.0 = Release|Any CPU
		{394A6EC8-87FF-48A9-BE66-E662141E78FD}.Release|x86.ActiveCfg = Release|Any CPU
		{394A6EC8-87FF-48A9-BE66-E662141E78FD}.Release|x86.Build.0 = Release|Any CPU
	EndGlobalSection
	GlobalSection(SolutionProperties) = preSolution
		HideSolutionNode = FALSE
	EndGlobalSection
	GlobalSection(ExtensibilityGlobals) = postSolution
		SolutionGuid = {1F47612F-D1EE-4C30-81D8-DFC4F83FE6DD}
	EndGlobalSection
EndGlobal
